// !$*UTF8*$!
{
	archiveVersion = 1;
	classes = {};
	objectVersion = 55;
	objects = {

/* Begin PBXBuildFile section */
		536F35435200DFF94B65E168 /* AppCoordinator.swift in Sources */ = {isa = PBXBuildFile; fileRef = C047E990086D75D4B53CC669 /* AppCoordinator.swift */; };
		24515D89E3338C6695FA3077 /* AppDelegate.swift in Sources */ = {isa = PBXBuildFile; fileRef = 4D8632323A758AB84FC8B09B /* AppDelegate.swift */; };
		5A813E4F54F121BBB14D91AB /* JarvisLog.swift in Sources */ = {isa = PBXBuildFile; fileRef = 469933AF3D3FBB2B7F232FBD /* JarvisLog.swift */; };
		31FF99D186D7953F9522E671 /* MenuBarController.swift in Sources */ = {isa = PBXBuildFile; fileRef = BC47B34EB9BB9CA2D2F26E7A /* MenuBarController.swift */; };
		8615342EB98C0C0F4EC6F542 /* AssistantState.swift in Sources */ = {isa = PBXBuildFile; fileRef = 65A5556F1409DF6188A0DB6F /* AssistantState.swift */; };
		D1362F7079AC130F6E8145FC /* Preferences.swift in Sources */ = {isa = PBXBuildFile; fileRef = 73BBF188E6418D525DC3B1D7 /* Preferences.swift */; };
		4516EF4306D02101198143E7 /* AmbientOrbView.swift in Sources */ = {isa = PBXBuildFile; fileRef = EE665D25D398B7838396D924 /* AmbientOrbView.swift */; };
		BE9C80D8DAF80549C2F58BE9 /* JarvisTheme.swift in Sources */ = {isa = PBXBuildFile; fileRef = 76F14D15B86D619BE6332A88 /* JarvisTheme.swift */; };
		4F847D21C60B83C600870E5C /* JarvisMainViewController.swift in Sources */ = {isa = PBXBuildFile; fileRef = 2DAA4158B88844BFA2ED2E01 /* JarvisMainViewController.swift */; };
		85DE8380805FAD27EEFED807 /* JarvisWindowController.swift in Sources */ = {isa = PBXBuildFile; fileRef = 61EBC2DF57134AE0985B80CD /* JarvisWindowController.swift */; };
		223F9C2DFED28F149CA198CC /* AppKit.framework in Frameworks */ = {isa = PBXBuildFile; fileRef = 7A42D18C390BA06DEA42D70A /* AppKit.framework */; };
		8A712A129E60939A171F46A0 /* AVFoundation.framework in Frameworks */ = {isa = PBXBuildFile; fileRef = BEFAD67BC0F02C604AD43131 /* AVFoundation.framework */; };
		0B4B1D117175567E2232D00D /* Speech.framework in Frameworks */ = {isa = PBXBuildFile; fileRef = BC1C7B94CFFE327EEF0DA756 /* Speech.framework */; };
		24B92EB4824DF951C39EC227 /* Security.framework in Frameworks */ = {isa = PBXBuildFile; fileRef = E1BE50B9E5E43E1D3777708C /* Security.framework */; };
		18552935F57F8C8EA54122D3 /* IOKit.framework in Frameworks */ = {isa = PBXBuildFile; fileRef = 06B7BDCA550E9BC83FACCC7F /* IOKit.framework */; };
		172A1CD16EAC5E2BAF72CEBE /* QuartzCore.framework in Frameworks */ = {isa = PBXBuildFile; fileRef = E8F04891F4830DC31323C374 /* QuartzCore.framework */; };
/* End PBXBuildFile section */

/* Begin PBXContainerItemProxy section */
		D1346249A12E2082CA6AD256 /* PBXContainerItemProxy */ = {isa = PBXContainerItemProxy; containerPortal = 0567F51E973AC8443D2775CC /* Project object */; proxyType = 1; remoteGlobalIDString = E345BC75944B88547D7483C7; remoteInfo = Jarvis; };
/* End PBXContainerItemProxy section */

/* Begin PBXFileReference section */
		C047E990086D75D4B53CC669 /* AppCoordinator.swift */ = {isa = PBXFileReference; lastKnownFileType = sourcecode.swift; path = "Application/AppCoordinator.swift"; sourceTree = "<group>"; };
		4D8632323A758AB84FC8B09B /* AppDelegate.swift */ = {isa = PBXFileReference; lastKnownFileType = sourcecode.swift; path = "Application/AppDelegate.swift"; sourceTree = "<group>"; };
		469933AF3D3FBB2B7F232FBD /* JarvisLog.swift */ = {isa = PBXFileReference; lastKnownFileType = sourcecode.swift; path = "Application/JarvisLog.swift"; sourceTree = "<group>"; };
		BC47B34EB9BB9CA2D2F26E7A /* MenuBarController.swift */ = {isa = PBXFileReference; lastKnownFileType = sourcecode.swift; path = "Application/MenuBarController.swift"; sourceTree = "<group>"; };
		65A5556F1409DF6188A0DB6F /* AssistantState.swift */ = {isa = PBXFileReference; lastKnownFileType = sourcecode.swift; path = "Assistant/AssistantState.swift"; sourceTree = "<group>"; };
		73BBF188E6418D525DC3B1D7 /* Preferences.swift */ = {isa = PBXFileReference; lastKnownFileType = sourcecode.swift; path = "Persistence/Preferences.swift"; sourceTree = "<group>"; };
		EE665D25D398B7838396D924 /* AmbientOrbView.swift */ = {isa = PBXFileReference; lastKnownFileType = sourcecode.swift; path = "UI/Components/AmbientOrbView.swift"; sourceTree = "<group>"; };
		76F14D15B86D619BE6332A88 /* JarvisTheme.swift */ = {isa = PBXFileReference; lastKnownFileType = sourcecode.swift; path = "UI/Components/JarvisTheme.swift"; sourceTree = "<group>"; };
		2DAA4158B88844BFA2ED2E01 /* JarvisMainViewController.swift */ = {isa = PBXFileReference; lastKnownFileType = sourcecode.swift; path = "UI/JarvisMainViewController.swift"; sourceTree = "<group>"; };
		61EBC2DF57134AE0985B80CD /* JarvisWindowController.swift */ = {isa = PBXFileReference; lastKnownFileType = sourcecode.swift; path = "UI/JarvisWindowController.swift"; sourceTree = "<group>"; };
		7A42D18C390BA06DEA42D70A /* AppKit.framework */ = {isa = PBXFileReference; lastKnownFileType = wrapper.framework; name = AppKit.framework; path = System/Library/Frameworks/AppKit.framework; sourceTree = SDKROOT; };
		BEFAD67BC0F02C604AD43131 /* AVFoundation.framework */ = {isa = PBXFileReference; lastKnownFileType = wrapper.framework; name = AVFoundation.framework; path = System/Library/Frameworks/AVFoundation.framework; sourceTree = SDKROOT; };
		BC1C7B94CFFE327EEF0DA756 /* Speech.framework */ = {isa = PBXFileReference; lastKnownFileType = wrapper.framework; name = Speech.framework; path = System/Library/Frameworks/Speech.framework; sourceTree = SDKROOT; };
		E1BE50B9E5E43E1D3777708C /* Security.framework */ = {isa = PBXFileReference; lastKnownFileType = wrapper.framework; name = Security.framework; path = System/Library/Frameworks/Security.framework; sourceTree = SDKROOT; };
		06B7BDCA550E9BC83FACCC7F /* IOKit.framework */ = {isa = PBXFileReference; lastKnownFileType = wrapper.framework; name = IOKit.framework; path = System/Library/Frameworks/IOKit.framework; sourceTree = SDKROOT; };
		E8F04891F4830DC31323C374 /* QuartzCore.framework */ = {isa = PBXFileReference; lastKnownFileType = wrapper.framework; name = QuartzCore.framework; path = System/Library/Frameworks/QuartzCore.framework; sourceTree = SDKROOT; };
		F435B14B4284D872DEABF62D /* Info.plist */ = {isa = PBXFileReference; lastKnownFileType = text.plist.xml; name = Info.plist; path = Jarvis/Resources/Info.plist; sourceTree = SOURCE_ROOT; };
		8CCDF1C3EB8D821116378476 /* Jarvis.entitlements */ = {isa = PBXFileReference; lastKnownFileType = text.plist.entitlements; name = Jarvis.entitlements; path = Jarvis/Resources/Jarvis.entitlements; sourceTree = SOURCE_ROOT; };
		E94F1AAFA4E2632C8F37AF0D /* TestInfo.plist */ = {isa = PBXFileReference; lastKnownFileType = text.plist.xml; name = TestInfo.plist; path = JarvisTests/TestInfo.plist; sourceTree = SOURCE_ROOT; };
		B73CDB207CED7C575F2F57F2 /* Jarvis.app */ = {isa = PBXFileReference; explicitFileType = wrapper.application; includeInIndex = 0; path = Jarvis.app; sourceTree = BUILT_PRODUCTS_DIR; };
		D33E54C20829329441C63F52 /* JarvisTests.xctest */ = {isa = PBXFileReference; explicitFileType = wrapper.cfbundle; includeInIndex = 0; path = JarvisTests.xctest; sourceTree = BUILT_PRODUCTS_DIR; };
/* End PBXFileReference section */

/* Begin PBXFrameworksBuildPhase section */
		4E7F5C45DDA5E0AC15265959 /* Frameworks */ = {isa = PBXFrameworksBuildPhase; buildActionMask = 2147483647; files = (
				223F9C2DFED28F149CA198CC /* AppKit.framework in Frameworks */,
				8A712A129E60939A171F46A0 /* AVFoundation.framework in Frameworks */,
				0B4B1D117175567E2232D00D /* Speech.framework in Frameworks */,
				24B92EB4824DF951C39EC227 /* Security.framework in Frameworks */,
				18552935F57F8C8EA54122D3 /* IOKit.framework in Frameworks */,
				172A1CD16EAC5E2BAF72CEBE /* QuartzCore.framework in Frameworks */,
			); runOnlyForDeploymentPostprocessing = 0; };
		62162168E016E02216B313B2 /* Frameworks */ = {isa = PBXFrameworksBuildPhase; buildActionMask = 2147483647; files = (); runOnlyForDeploymentPostprocessing = 0; };
/* End PBXFrameworksBuildPhase section */

/* Begin PBXGroup section */
		BB9AE336151A4F9E714244B8 = {isa = PBXGroup; children = (7747C4B88602574CD2C34540 /* Jarvis */, BF1EE0AF9D023B27EBF9E2BC /* JarvisTests */, F0B3A7CFF7749A47F8A0C09F /* Configuration */, 290C7EA8B707BD2A26276A32 /* Frameworks */, 93CD171E696C5937EEC2F0C0 /* Products */,); sourceTree = "<group>"; };
		7747C4B88602574CD2C34540 /* Jarvis */ = {isa = PBXGroup; children = (
				C047E990086D75D4B53CC669 /* AppCoordinator.swift */,
				4D8632323A758AB84FC8B09B /* AppDelegate.swift */,
				469933AF3D3FBB2B7F232FBD /* JarvisLog.swift */,
				BC47B34EB9BB9CA2D2F26E7A /* MenuBarController.swift */,
				65A5556F1409DF6188A0DB6F /* AssistantState.swift */,
				73BBF188E6418D525DC3B1D7 /* Preferences.swift */,
				EE665D25D398B7838396D924 /* AmbientOrbView.swift */,
				76F14D15B86D619BE6332A88 /* JarvisTheme.swift */,
				2DAA4158B88844BFA2ED2E01 /* JarvisMainViewController.swift */,
				61EBC2DF57134AE0985B80CD /* JarvisWindowController.swift */,
			); name = Jarvis; path = Jarvis; sourceTree = "<group>"; };
		BF1EE0AF9D023B27EBF9E2BC /* JarvisTests */ = {isa = PBXGroup; children = (

			); name = JarvisTests; path = JarvisTests; sourceTree = "<group>"; };
		F0B3A7CFF7749A47F8A0C09F /* Configuration */ = {isa = PBXGroup; children = (F435B14B4284D872DEABF62D /* Info.plist */, 8CCDF1C3EB8D821116378476 /* Jarvis.entitlements */, E94F1AAFA4E2632C8F37AF0D /* TestInfo.plist */,); name = Configuration; sourceTree = "<group>"; };
		290C7EA8B707BD2A26276A32 /* Frameworks */ = {isa = PBXGroup; children = (
				7A42D18C390BA06DEA42D70A /* AppKit.framework */,
				BEFAD67BC0F02C604AD43131 /* AVFoundation.framework */,
				BC1C7B94CFFE327EEF0DA756 /* Speech.framework */,
				E1BE50B9E5E43E1D3777708C /* Security.framework */,
				06B7BDCA550E9BC83FACCC7F /* IOKit.framework */,
				E8F04891F4830DC31323C374 /* QuartzCore.framework */,
			); name = Frameworks; sourceTree = "<group>"; };
		93CD171E696C5937EEC2F0C0 /* Products */ = {isa = PBXGroup; children = (B73CDB207CED7C575F2F57F2 /* Jarvis.app */, D33E54C20829329441C63F52 /* JarvisTests.xctest */,); name = Products; sourceTree = "<group>"; };
/* End PBXGroup section */

/* Begin PBXNativeTarget section */
		E345BC75944B88547D7483C7 /* Jarvis */ = {isa = PBXNativeTarget; buildConfigurationList = BE3EF00BEED9672EB217AA04 /* Build configuration list for PBXNativeTarget "Jarvis" */; buildPhases = (9FEABBAFAF00A09BDFE49A8B /* Sources */, 4E7F5C45DDA5E0AC15265959 /* Frameworks */, 02D908248433CA796E8FE13B /* Resources */,); buildRules = (); dependencies = (); name = Jarvis; productName = Jarvis; productReference = B73CDB207CED7C575F2F57F2 /* Jarvis.app */; productType = "com.apple.product-type.application"; };
		CFE63756BBA3F8B40E6A16E5 /* JarvisTests */ = {isa = PBXNativeTarget; buildConfigurationList = DC61D27D34CC7AF13A3E5D69 /* Build configuration list for PBXNativeTarget "JarvisTests" */; buildPhases = (EF80E12604E81EF5E7AFF2F1 /* Sources */, 62162168E016E02216B313B2 /* Frameworks */, EAECB4121BBF72538DB72CD5 /* Resources */,); buildRules = (); dependencies = (F66FA7728DF273FC13127C58 /* PBXTargetDependency */,); name = JarvisTests; productName = JarvisTests; productReference = D33E54C20829329441C63F52 /* JarvisTests.xctest */; productType = "com.apple.product-type.bundle.unit-test"; };
/* End PBXNativeTarget section */

/* Begin PBXProject section */
		0567F51E973AC8443D2775CC /* Project object */ = {isa = PBXProject; attributes = {BuildIndependentTargetsInParallel = 1; LastSwiftUpdateCheck = 1320; LastUpgradeCheck = 1320; TargetAttributes = {E345BC75944B88547D7483C7 = {CreatedOnToolsVersion = 13.2;}; CFE63756BBA3F8B40E6A16E5 = {CreatedOnToolsVersion = 13.2; TestTargetID = E345BC75944B88547D7483C7;};};}; buildConfigurationList = F178909297BA509D688A9852 /* Build configuration list for PBXProject "Jarvis" */; compatibilityVersion = "Xcode 12.0"; developmentRegion = en; hasScannedForEncodings = 0; knownRegions = (en, Base,); mainGroup = BB9AE336151A4F9E714244B8; productRefGroup = 93CD171E696C5937EEC2F0C0 /* Products */; projectDirPath = ""; projectRoot = ""; targets = (E345BC75944B88547D7483C7 /* Jarvis */, CFE63756BBA3F8B40E6A16E5 /* JarvisTests */,); };
/* End PBXProject section */

/* Begin PBXResourcesBuildPhase section */
		02D908248433CA796E8FE13B /* Resources */ = {isa = PBXResourcesBuildPhase; buildActionMask = 2147483647; files = (); runOnlyForDeploymentPostprocessing = 0; };
		EAECB4121BBF72538DB72CD5 /* Resources */ = {isa = PBXResourcesBuildPhase; buildActionMask = 2147483647; files = (); runOnlyForDeploymentPostprocessing = 0; };
/* End PBXResourcesBuildPhase section */

/* Begin PBXSourcesBuildPhase section */
		9FEABBAFAF00A09BDFE49A8B /* Sources */ = {isa = PBXSourcesBuildPhase; buildActionMask = 2147483647; files = (
				536F35435200DFF94B65E168 /* AppCoordinator.swift in Sources */,
				24515D89E3338C6695FA3077 /* AppDelegate.swift in Sources */,
				5A813E4F54F121BBB14D91AB /* JarvisLog.swift in Sources */,
				31FF99D186D7953F9522E671 /* MenuBarController.swift in Sources */,
				8615342EB98C0C0F4EC6F542 /* AssistantState.swift in Sources */,
				D1362F7079AC130F6E8145FC /* Preferences.swift in Sources */,
				4516EF4306D02101198143E7 /* AmbientOrbView.swift in Sources */,
				BE9C80D8DAF80549C2F58BE9 /* JarvisTheme.swift in Sources */,
				4F847D21C60B83C600870E5C /* JarvisMainViewController.swift in Sources */,
				85DE8380805FAD27EEFED807 /* JarvisWindowController.swift in Sources */,
			); runOnlyForDeploymentPostprocessing = 0; };
		EF80E12604E81EF5E7AFF2F1 /* Sources */ = {isa = PBXSourcesBuildPhase; buildActionMask = 2147483647; files = (

			); runOnlyForDeploymentPostprocessing = 0; };
/* End PBXSourcesBuildPhase section */

/* Begin PBXTargetDependency section */
		F66FA7728DF273FC13127C58 /* PBXTargetDependency */ = {isa = PBXTargetDependency; target = E345BC75944B88547D7483C7 /* Jarvis */; targetProxy = D1346249A12E2082CA6AD256 /* PBXContainerItemProxy */; };
/* End PBXTargetDependency section */

/* Begin XCBuildConfiguration section */
		1533448E71625AB0549CD243 /* Debug */ = {isa = XCBuildConfiguration; buildSettings = {
				ALWAYS_SEARCH_USER_PATHS = NO;
				CLANG_ENABLE_MODULES = YES;
				CLANG_ENABLE_OBJC_ARC = YES;
				COPY_PHASE_STRIP = NO;
				DEBUG_INFORMATION_FORMAT = dwarf;
				ENABLE_TESTABILITY = YES;
				GCC_C_LANGUAGE_STANDARD = gnu11;
				GCC_OPTIMIZATION_LEVEL = 0;
				MACOSX_DEPLOYMENT_TARGET = 11.0;
				ONLY_ACTIVE_ARCH = YES;
				SDKROOT = macosx;
				SWIFT_ACTIVE_COMPILATION_CONDITIONS = DEBUG;
				SWIFT_OPTIMIZATION_LEVEL = "-Onone";
				SWIFT_VERSION = 5.0;
			}; name = Debug; };
		FD87D8A7DABFC771CFC090E2 /* Release */ = {isa = XCBuildConfiguration; buildSettings = {
				ALWAYS_SEARCH_USER_PATHS = NO;
				CLANG_ENABLE_MODULES = YES;
				CLANG_ENABLE_OBJC_ARC = YES;
				COPY_PHASE_STRIP = NO;
				DEBUG_INFORMATION_FORMAT = "dwarf-with-dsym";
				ENABLE_NS_ASSERTIONS = NO;
				GCC_C_LANGUAGE_STANDARD = gnu11;
				MACOSX_DEPLOYMENT_TARGET = 11.0;
				SDKROOT = macosx;
				SWIFT_COMPILATION_MODE = wholemodule;
				SWIFT_OPTIMIZATION_LEVEL = "-O";
				SWIFT_VERSION = 5.0;
			}; name = Release; };
		21DF2D9BC390CDA0C04A278F /* Debug */ = {isa = XCBuildConfiguration; buildSettings = {
				CODE_SIGN_ENTITLEMENTS = Jarvis/Resources/Jarvis.entitlements;
				CODE_SIGN_STYLE = Automatic;
				COMBINE_HIDPI_IMAGES = YES;
				ENABLE_HARDENED_RUNTIME = YES;
				GENERATE_INFOPLIST_FILE = NO;
				INFOPLIST_FILE = Jarvis/Resources/Info.plist;
				LD_RUNPATH_SEARCH_PATHS = "$(inherited) @executable_path/../Frameworks";
				PRODUCT_BUNDLE_IDENTIFIER = com.nandan.jarvis;
				PRODUCT_NAME = "$(TARGET_NAME)";
			}; name = Debug; };
		4E50B9726A5E498679F4E517 /* Release */ = {isa = XCBuildConfiguration; buildSettings = {
				CODE_SIGN_ENTITLEMENTS = Jarvis/Resources/Jarvis.entitlements;
				CODE_SIGN_STYLE = Automatic;
				COMBINE_HIDPI_IMAGES = YES;
				ENABLE_HARDENED_RUNTIME = YES;
				GENERATE_INFOPLIST_FILE = NO;
				INFOPLIST_FILE = Jarvis/Resources/Info.plist;
				LD_RUNPATH_SEARCH_PATHS = "$(inherited) @executable_path/../Frameworks";
				PRODUCT_BUNDLE_IDENTIFIER = com.nandan.jarvis;
				PRODUCT_NAME = "$(TARGET_NAME)";
			}; name = Release; };
		C0229D355E26079D6F8348A5 /* Debug */ = {isa = XCBuildConfiguration; buildSettings = {
				BUNDLE_LOADER = "$(TEST_HOST)";
				CODE_SIGN_STYLE = Automatic;
				INFOPLIST_FILE = JarvisTests/TestInfo.plist;
				MACOSX_DEPLOYMENT_TARGET = 11.0;
				PRODUCT_BUNDLE_IDENTIFIER = com.nandan.jarvis.tests;
				PRODUCT_NAME = "$(TARGET_NAME)";
				SWIFT_VERSION = 5.0;
				TEST_HOST = "$(BUILT_PRODUCTS_DIR)/Jarvis.app/Contents/MacOS/Jarvis";
			}; name = Debug; };
		B9ED8202491A3523ACB81605 /* Release */ = {isa = XCBuildConfiguration; buildSettings = {
				BUNDLE_LOADER = "$(TEST_HOST)";
				CODE_SIGN_STYLE = Automatic;
				INFOPLIST_FILE = JarvisTests/TestInfo.plist;
				MACOSX_DEPLOYMENT_TARGET = 11.0;
				PRODUCT_BUNDLE_IDENTIFIER = com.nandan.jarvis.tests;
				PRODUCT_NAME = "$(TARGET_NAME)";
				SWIFT_VERSION = 5.0;
				TEST_HOST = "$(BUILT_PRODUCTS_DIR)/Jarvis.app/Contents/MacOS/Jarvis";
			}; name = Release; };
/* End XCBuildConfiguration section */

/* Begin XCConfigurationList section */
		F178909297BA509D688A9852 /* Build configuration list for PBXProject "Jarvis" */ = {isa = XCConfigurationList; buildConfigurations = (1533448E71625AB0549CD243 /* Debug */, FD87D8A7DABFC771CFC090E2 /* Release */,); defaultConfigurationIsVisible = 0; defaultConfigurationName = Release; };
		BE3EF00BEED9672EB217AA04 /* Build configuration list for PBXNativeTarget "Jarvis" */ = {isa = XCConfigurationList; buildConfigurations = (21DF2D9BC390CDA0C04A278F /* Debug */, 4E50B9726A5E498679F4E517 /* Release */,); defaultConfigurationIsVisible = 0; defaultConfigurationName = Release; };
		DC61D27D34CC7AF13A3E5D69 /* Build configuration list for PBXNativeTarget "JarvisTests" */ = {isa = XCConfigurationList; buildConfigurations = (C0229D355E26079D6F8348A5 /* Debug */, B9ED8202491A3523ACB81605 /* Release */,); defaultConfigurationIsVisible = 0; defaultConfigurationName = Release; };
/* End XCConfigurationList section */
	};
	rootObject = 0567F51E973AC8443D2775CC /* Project object */;
}
